
Microsoft Visual Studio Solution File, Format Version 12.00
# Visual Studio Version 16
VisualStudioVersion = 16.0.30002.166
MinimumVisualStudioVersion = 10.0.40219.1
Project("{FAE04EC0-301F-11D3-BF4B-00C04F79EFBC}") = "TPV.v1", "Ticket\TPV.v1.csproj", "{683DD7D8-A3B8-4DEB-8BA3-24EA84C0F8AD}"
EndProject
Global
	GlobalSection(SolutionConfigurationPlatforms) = preSolution
		Debug|Any CPU = Debug|Any CPU
		Release|Any CPU = Release|Any CPU
	EndGlobalSection
	GlobalSection(ProjectConfigurationPlatforms) = postSolution
		{683DD7D8-A3B8-4DEB-8BA3-24EA84C0F8AD}.Debug|Any CPU.ActiveCfg = Debug|Any CPU
		{683DD7D8-A3B8-4DEB-8BA3-24EA84C0F8AD}.Debug|Any CPU.Build.0 = Debug|Any CPU
		{683DD7D8-A3B8-4DEB-8BA3-24EA84C0F8AD}.Release|Any CPU.ActiveCfg = Release|Any CPU
		{683DD7D8-A3B8-4DEB-8BA3-24EA84C0F8AD}.Release|Any CPU.Build.0 = Release|Any CPU
	EndGlobalSection
	GlobalSection(SolutionProperties) = preSolution
		HideSolutionNode = FALSE
	EndGlobalSection
	GlobalSection(ExtensibilityGlobals) = postSolution
		SolutionGuid = {5B148879-8393-495E-92DC-78A58EB54FA0}
	EndGlobalSection
EndGlobal
